
Microsoft Visual Studio Solution File, Format Version 12.00
# Visual Studio Version 16
VisualStudioVersion = 16.0.31019.35
MinimumVisualStudioVersion = 10.0.40219.1
Project("{FAE04EC0-301F-11D3-BF4B-00C04F79EFBC}") = "RepositoryPattern", "RepositoryPattern\RepositoryPattern.csproj", "{09D9F51C-ADA8-45CF-9B10-DC42B04612AE}"
EndProject
Global
	GlobalSection(SolutionConfigurationPlatforms) = preSolution
		Debug|Any CPU = Debug|Any CPU
		Release|Any CPU = Release|Any CPU
	EndGlobalSection
	GlobalSection(ProjectConfigurationPlatforms) = postSolution
		{09D9F51C-ADA8-45CF-9B10-DC42B04612AE}.Debug|Any CPU.ActiveCfg = Debug|Any CPU
		{09D9F51C-ADA8-45CF-9B10-DC42B04612AE}.Debug|Any CPU.Build.0 = Debug|Any CPU
		{09D9F51C-ADA8-45CF-9B10-DC42B04612AE}.Release|Any CPU.ActiveCfg = Release|Any CPU
		{09D9F51C-ADA8-45CF-9B10-DC42B04612AE}.Release|Any CPU.Build.0 = Release|Any CPU
	EndGlobalSection
	GlobalSection(SolutionProperties) = preSolution
		HideSolutionNode = FALSE
	EndGlobalSection
	GlobalSection(ExtensibilityGlobals) = postSolution
		SolutionGuid = {2FD66B6E-7924-44DC-B72D-4DC9AAECF09B}
	EndGlobalSection
EndGlobal
